
Microsoft Visual Studio Solution File, Format Version 12.00
# Visual Studio 15
VisualStudioVersion = 15.0.28010.2048
MinimumVisualStudioVersion = 10.0.40219.1
Project("{2150E333-8FDC-42A3-9474-1A3956D46DE8}") = "Back-end System", "Back-end System", "{B2B8B4F9-C280-42B2-9F32-9EBFE2D28B4D}"
EndProject
Project("{2150E333-8FDC-42A3-9474-1A3956D46DE8}") = "Front-end System", "Front-end System", "{01929F47-5394-4446-9DBF-CCEDADC067AB}"
EndProject
Project("{2150E333-8FDC-42A3-9474-1A3956D46DE8}") = "Models", "Models", "{882640A6-E3EA-4F42-9A8E-7FDA54B388A3}"
EndProject
Project("{2150E333-8FDC-42A3-9474-1A3956D46DE8}") = "Layer 1", "Layer 1", "{FE0D3E11-CB0A-48B3-AA76-24D1CF249BF8}"
EndProject
Project("{2150E333-8FDC-42A3-9474-1A3956D46DE8}") = "Data Access Layer", "Data Access Layer", "{EABDED7E-4891-4B6E-B2B5-FC49B6122187}"
EndProject
Project("{2150E333-8FDC-42A3-9474-1A3956D46DE8}") = "ORM", "ORM", "{60A71106-7BB0-47D8-8C34-B73CB2C12248}"
EndProject
Project("{2150E333-8FDC-42A3-9474-1A3956D46DE8}") = "Repositories", "Repositories", "{CB3BE983-63C1-428F-B43D-026C816C84D1}"
EndProject
Project("{2150E333-8FDC-42A3-9474-1A3956D46DE8}") = "Layer 2", "Layer 2", "{7658D59A-D670-4883-B8C3-AE63C8FF48DF}"
EndProject
Project("{2150E333-8FDC-42A3-9474-1A3956D46DE8}") = "Business Layer", "Business Layer", "{221A93B2-9743-41D1-9C1C-9F7E9459B1BC}"
EndProject
Project("{2150E333-8FDC-42A3-9474-1A3956D46DE8}") = "Business Components", "Business Components", "{AAE9D6EB-6672-41BE-A6D9-595DE001AFE9}"
EndProject
Project("{2150E333-8FDC-42A3-9474-1A3956D46DE8}") = "Business Validations", "Business Validations", "{AC23891A-81A2-46DA-BED1-B43A2DAD0BB4}"
EndProject
Project("{2150E333-8FDC-42A3-9474-1A3956D46DE8}") = "Layer 3", "Layer 3", "{2F393BDF-428A-49A4-9649-4F6EB7318566}"
EndProject
Project("{2150E333-8FDC-42A3-9474-1A3956D46DE8}") = "API Services Layer", "API Services Layer", "{F79A7598-EF39-487B-BBB3-332BDB8EC96A}"
EndProject
Project("{2150E333-8FDC-42A3-9474-1A3956D46DE8}") = "Controllers", "Controllers", "{A3330C91-6B1A-4EF4-8964-DDA9CFB29499}"
EndProject
Project("{2150E333-8FDC-42A3-9474-1A3956D46DE8}") = "Extensibility", "Extensibility", "{F55FF6F3-AFBB-4054-AC49-4F27A09762F0}"
EndProject
Project("{2150E333-8FDC-42A3-9474-1A3956D46DE8}") = "Hosting", "Hosting", "{BFE08D92-CB6A-42A9-ADF1-00F6CC8CBAC3}"
EndProject
Project("{2150E333-8FDC-42A3-9474-1A3956D46DE8}") = "Layer 4", "Layer 4", "{884EA355-9F4B-485E-AB77-7395277598B4}"
EndProject
Project("{2150E333-8FDC-42A3-9474-1A3956D46DE8}") = "Presentation Layer", "Presentation Layer", "{9D410AB1-7533-47B1-8A95-3FB309165B84}"
EndProject
Project("{2150E333-8FDC-42A3-9474-1A3956D46DE8}") = "SPA Host", "SPA Host", "{2D008232-621A-4F77-9460-CFE96774EA3D}"
EndProject
Project("{2150E333-8FDC-42A3-9474-1A3956D46DE8}") = "Interfaces", "Interfaces", "{C57E4BDB-EC53-4C5F-BD02-5F01B3E8C7FE}"
EndProject
Project("{2150E333-8FDC-42A3-9474-1A3956D46DE8}") = "Implementations", "Implementations", "{4E73FBDA-2A9C-496F-93CD-16B8D72AF4FB}"
EndProject
Project("{2150E333-8FDC-42A3-9474-1A3956D46DE8}") = "Interfaces", "Interfaces", "{1A23F81A-F423-4E8B-948E-75DBADCCD254}"
EndProject
Project("{2150E333-8FDC-42A3-9474-1A3956D46DE8}") = "Implementations", "Implementations", "{5F3504F3-6C3A-4637-8D93-EDDFEFE6CA80}"
EndProject
Project("{2150E333-8FDC-42A3-9474-1A3956D46DE8}") = "Interfaces", "Interfaces", "{C27198D1-7956-4FE3-BB3F-1282CFA80A72}"
EndProject
Project("{2150E333-8FDC-42A3-9474-1A3956D46DE8}") = "Implementations", "Implementations", "{C3585EE8-9275-41C7-A931-D7691A9E3C67}"
EndProject
Project("{2150E333-8FDC-42A3-9474-1A3956D46DE8}") = "Interfaces", "Interfaces", "{93372D57-0FD7-49A3-9DF5-F9900302D168}"
EndProject
Project("{2150E333-8FDC-42A3-9474-1A3956D46DE8}") = "Implementations", "Implementations", "{1339F376-90AF-494C-B68C-06A9C655F1B0}"
EndProject
Project("{2150E333-8FDC-42A3-9474-1A3956D46DE8}") = "Tests", "Tests", "{BD88E888-9B85-4C14-95A3-C1D87E85A7BD}"
EndProject
Project("{2150E333-8FDC-42A3-9474-1A3956D46DE8}") = "Tests", "Tests", "{9C629B10-7CC2-4320-B3CE-326E59D52EE8}"
EndProject
Project("{2150E333-8FDC-42A3-9474-1A3956D46DE8}") = "Tests", "Tests", "{0DBA6885-74CF-4F2D-BC43-A371FD549F7A}"
EndProject
Project("{2150E333-8FDC-42A3-9474-1A3956D46DE8}") = "Tests", "Tests", "{2D73DF0E-40DC-45AD-A106-1B54F50B81D9}"
EndProject
Project("{2150E333-8FDC-42A3-9474-1A3956D46DE8}") = "Tests", "Tests", "{1FBCD28D-7038-4F8F-89E2-F9CDD2AA7B49}"
EndProject
Project("{2150E333-8FDC-42A3-9474-1A3956D46DE8}") = "Interfaces", "Interfaces", "{BBF3737C-BD21-4E1A-8482-6B352A87E044}"
EndProject
Project("{2150E333-8FDC-42A3-9474-1A3956D46DE8}") = "Implementations", "Implementations", "{275070E7-3177-42C7-885E-A6293436B0C6}"
EndProject
Project("{9A19103F-16F7-4668-BE54-9A1E7A4F7556}") = "Bosch.Libraries.Models", "Bosch.Libraries.Models\Bosch.Libraries.Models.csproj", "{F660C5C8-C0C3-4DF0-B5C8-F92C4B869412}"
EndProject
Project("{9A19103F-16F7-4668-BE54-9A1E7A4F7556}") = "Bosch.Libraries.ORM.Interfaces", "Bosch.Libraries.ORM.Interfaces\Bosch.Libraries.ORM.Interfaces.csproj", "{D6748CE3-91B1-4BE2-BC29-B4D4A6871F2E}"
EndProject
Project("{FAE04EC0-301F-11D3-BF4B-00C04F79EFBC}") = "Bosch.Libraries.ORM.Impl", "Bosch.Libraries.ORM.Impl\Bosch.Libraries.ORM.Impl.csproj", "{F3128442-76B3-4108-B656-1AC2C3CB4C80}"
EndProject
Project("{FAE04EC0-301F-11D3-BF4B-00C04F79EFBC}") = "Bosch.Libraries.DAL.Interfaces", "Bosch.Libraries.DAL.Interfaces\Bosch.Libraries.DAL.Interfaces.csproj", "{721D1319-895C-4942-8F4C-E699489B3B99}"
EndProject
Project("{FAE04EC0-301F-11D3-BF4B-00C04F79EFBC}") = "Bosch.Libraries.DAL.Impl", "Bosch.Libraries.DAL.Impl\Bosch.Libraries.DAL.Impl.csproj", "{F4D1A4A2-009D-43CA-A954-29D69F6715B6}"
EndProject
Project("{FAE04EC0-301F-11D3-BF4B-00C04F79EFBC}") = "Bosch.Libraries.DAL.Impl.Tests", "Bosch.Libraries.DAL.Impl.Tests\Bosch.Libraries.DAL.Impl.Tests.csproj", "{077A7268-CBEA-4BA0-9604-480BFCF47C8E}"
EndProject
Project("{FAE04EC0-301F-11D3-BF4B-00C04F79EFBC}") = "Bosch.Libraries.Business.Interfaces", "Bosch.Libraries.Business.Interfaces\Bosch.Libraries.Business.Interfaces.csproj", "{177E0D61-275E-441B-8DB2-D21349773D4F}"
EndProject
Project("{FAE04EC0-301F-11D3-BF4B-00C04F79EFBC}") = "Bosch.Libraries.Business.Impl", "Bosch.Libraries.Business.Impl\Bosch.Libraries.Business.Impl.csproj", "{BF5B35F2-BE14-4C6F-9171-B7C393761CE0}"
EndProject
Project("{FAE04EC0-301F-11D3-BF4B-00C04F79EFBC}") = "Bosch.Libraries.Business.Validations.Interfaces", "Bosch.Libraries.Business.Validations.Interfaces\Bosch.Libraries.Business.Validations.Interfaces.csproj", "{DBAE141D-8515-429A-882D-F3E4DCB2833E}"
EndProject
Project("{FAE04EC0-301F-11D3-BF4B-00C04F79EFBC}") = "Bosch.Libraries.Business.Validations.Impl", "Bosch.Libraries.Business.Validations.Impl\Bosch.Libraries.Business.Validations.Impl.csproj", "{D7339893-5F04-4F68-8310-46DA3A2EDEEC}"
EndProject
Project("{FAE04EC0-301F-11D3-BF4B-00C04F79EFBC}") = "Bosch.Libraries.Business.Validations.Tests", "Bosch.Libraries.Business.Validations.Tests\Bosch.Libraries.Business.Validations.Tests.csproj", "{AF8A9F3F-7EC5-4B64-ABA2-05BEFABF0AB1}"
EndProject
Project("{FAE04EC0-301F-11D3-BF4B-00C04F79EFBC}") = "Bosch.Libraries.Business.Impl.Tests", "Bosch.Libraries.Business.Impl.Tests\Bosch.Libraries.Business.Impl.Tests.csproj", "{0F71FC46-6EBA-41A2-942D-D540DE506920}"
EndProject
Project("{FAE04EC0-301F-11D3-BF4B-00C04F79EFBC}") = "CRMSystemServicesHosting", "CRMSystemServicesHosting\CRMSystemServicesHosting.csproj", "{5FF05B74-353E-4276-95C2-319BBF68A72F}"
EndProject
Project("{FAE04EC0-301F-11D3-BF4B-00C04F79EFBC}") = "Bosch.Libraries.Api.Interfaces", "Bosch.Libraries.Api.Interfaces\Bosch.Libraries.Api.Interfaces.csproj", "{60AB9905-EC5B-478E-A9C3-256A92C55EC4}"
EndProject
Project("{FAE04EC0-301F-11D3-BF4B-00C04F79EFBC}") = "Bosch.Libraries.Api.Impl", "Bosch.Libraries.Api.Impl\Bosch.Libraries.Api.Impl.csproj", "{41625D9B-480F-4574-B04B-241926D6721C}"
EndProject
Project("{FAE04EC0-301F-11D3-BF4B-00C04F79EFBC}") = "Bosch.Libraries.Api.Impl.Tests", "Bosch.Libraries.Api.Impl.Tests\Bosch.Libraries.Api.Impl.Tests.csproj", "{B97A2C66-C7A8-4D20-8C54-123EBA283EC9}"
EndProject
Project("{2150E333-8FDC-42A3-9474-1A3956D46DE8}") = "Solution Items", "Solution Items", "{63D91750-BD12-41E2-A7C9-E1F582AE56C1}"
	ProjectSection(SolutionItems) = preProject
		.gitignore = .gitignore
		README.md = README.md
	EndProjectSection
EndProject
Global
	GlobalSection(SolutionConfigurationPlatforms) = preSolution
		Debug|Any CPU = Debug|Any CPU
		Release|Any CPU = Release|Any CPU
	EndGlobalSection
	GlobalSection(ProjectConfigurationPlatforms) = postSolution
		{F660C5C8-C0C3-4DF0-B5C8-F92C4B869412}.Debug|Any CPU.ActiveCfg = Debug|Any CPU
		{F660C5C8-C0C3-4DF0-B5C8-F92C4B869412}.Debug|Any CPU.Build.0 = Debug|Any CPU
		{F660C5C8-C0C3-4DF0-B5C8-F92C4B869412}.Release|Any CPU.ActiveCfg = Release|Any CPU
		{F660C5C8-C0C3-4DF0-B5C8-F92C4B869412}.Release|Any CPU.Build.0 = Release|Any CPU
		{D6748CE3-91B1-4BE2-BC29-B4D4A6871F2E}.Debug|Any CPU.ActiveCfg = Debug|Any CPU
		{D6748CE3-91B1-4BE2-BC29-B4D4A6871F2E}.Debug|Any CPU.Build.0 = Debug|Any CPU
		{D6748CE3-91B1-4BE2-BC29-B4D4A6871F2E}.Release|Any CPU.ActiveCfg = Release|Any CPU
		{D6748CE3-91B1-4BE2-BC29-B4D4A6871F2E}.Release|Any CPU.Build.0 = Release|Any CPU
		{F3128442-76B3-4108-B656-1AC2C3CB4C80}.Debug|Any CPU.ActiveCfg = Debug|Any CPU
		{F3128442-76B3-4108-B656-1AC2C3CB4C80}.Debug|Any CPU.Build.0 = Debug|Any CPU
		{F3128442-76B3-4108-B656-1AC2C3CB4C80}.Release|Any CPU.ActiveCfg = Release|Any CPU
		{F3128442-76B3-4108-B656-1AC2C3CB4C80}.Release|Any CPU.Build.0 = Release|Any CPU
		{721D1319-895C-4942-8F4C-E699489B3B99}.Debug|Any CPU.ActiveCfg = Debug|Any CPU
		{721D1319-895C-4942-8F4C-E699489B3B99}.Debug|Any CPU.Build.0 = Debug|Any CPU
		{721D1319-895C-4942-8F4C-E699489B3B99}.Release|Any CPU.ActiveCfg = Release|Any CPU
		{721D1319-895C-4942-8F4C-E699489B3B99}.Release|Any CPU.Build.0 = Release|Any CPU
		{F4D1A4A2-009D-43CA-A954-29D69F6715B6}.Debug|Any CPU.ActiveCfg = Debug|Any CPU
		{F4D1A4A2-009D-43CA-A954-29D69F6715B6}.Debug|Any CPU.Build.0 = Debug|Any CPU
		{F4D1A4A2-009D-43CA-A954-29D69F6715B6}.Release|Any CPU.ActiveCfg = Release|Any CPU
		{F4D1A4A2-009D-43CA-A954-29D69F6715B6}.Release|Any CPU.Build.0 = Release|Any CPU
		{077A7268-CBEA-4BA0-9604-480BFCF47C8E}.Debug|Any CPU.ActiveCfg = Debug|Any CPU
		{077A7268-CBEA-4BA0-9604-480BFCF47C8E}.Debug|Any CPU.Build.0 = Debug|Any CPU
		{077A7268-CBEA-4BA0-9604-480BFCF47C8E}.Release|Any CPU.ActiveCfg = Release|Any CPU
		{077A7268-CBEA-4BA0-9604-480BFCF47C8E}.Release|Any CPU.Build.0 = Release|Any CPU
		{177E0D61-275E-441B-8DB2-D21349773D4F}.Debug|Any CPU.ActiveCfg = Debug|Any CPU
		{177E0D61-275E-441B-8DB2-D21349773D4F}.Debug|Any CPU.Build.0 = Debug|Any CPU
		{177E0D61-275E-441B-8DB2-D21349773D4F}.Release|Any CPU.ActiveCfg = Release|Any CPU
		{177E0D61-275E-441B-8DB2-D21349773D4F}.Release|Any CPU.Build.0 = Release|Any CPU
		{BF5B35F2-BE14-4C6F-9171-B7C393761CE0}.Debug|Any CPU.ActiveCfg = Debug|Any CPU
		{BF5B35F2-BE14-4C6F-9171-B7C393761CE0}.Debug|Any CPU.Build.0 = Debug|Any CPU
		{BF5B35F2-BE14-4C6F-9171-B7C393761CE0}.Release|Any CPU.ActiveCfg = Release|Any CPU
		{BF5B35F2-BE14-4C6F-9171-B7C393761CE0}.Release|Any CPU.Build.0 = Release|Any CPU
		{DBAE141D-8515-429A-882D-F3E4DCB2833E}.Debug|Any CPU.ActiveCfg = Debug|Any CPU
		{DBAE141D-8515-429A-882D-F3E4DCB2833E}.Debug|Any CPU.Build.0 = Debug|Any CPU
		{DBAE141D-8515-429A-882D-F3E4DCB2833E}.Release|Any CPU.ActiveCfg = Release|Any CPU
		{DBAE141D-8515-429A-882D-F3E4DCB2833E}.Release|Any CPU.Build.0 = Release|Any CPU
		{D7339893-5F04-4F68-8310-46DA3A2EDEEC}.Debug|Any CPU.ActiveCfg = Debug|Any CPU
		{D7339893-5F04-4F68-8310-46DA3A2EDEEC}.Debug|Any CPU.Build.0 = Debug|Any CPU
		{D7339893-5F04-4F68-8310-46DA3A2EDEEC}.Release|Any CPU.ActiveCfg = Release|Any CPU
		{D7339893-5F04-4F68-8310-46DA3A2EDEEC}.Release|Any CPU.Build.0 = Release|Any CPU
		{AF8A9F3F-7EC5-4B64-ABA2-05BEFABF0AB1}.Debug|Any CPU.ActiveCfg = Debug|Any CPU
		{AF8A9F3F-7EC5-4B64-ABA2-05BEFABF0AB1}.Debug|Any CPU.Build.0 = Debug|Any CPU
		{AF8A9F3F-7EC5-4B64-ABA2-05BEFABF0AB1}.Release|Any CPU.ActiveCfg = Release|Any CPU
		{AF8A9F3F-7EC5-4B64-ABA2-05BEFABF0AB1}.Release|Any CPU.Build.0 = Release|Any CPU
		{0F71FC46-6EBA-41A2-942D-D540DE506920}.Debug|Any CPU.ActiveCfg = Debug|Any CPU
		{0F71FC46-6EBA-41A2-942D-D540DE506920}.Debug|Any CPU.Build.0 = Debug|Any CPU
		{0F71FC46-6EBA-41A2-942D-D540DE506920}.Release|Any CPU.ActiveCfg = Release|Any CPU
		{0F71FC46-6EBA-41A2-942D-D540DE506920}.Release|Any CPU.Build.0 = Release|Any CPU
		{5FF05B74-353E-4276-95C2-319BBF68A72F}.Debug|Any CPU.ActiveCfg = Debug|Any CPU
		{5FF05B74-353E-4276-95C2-319BBF68A72F}.Debug|Any CPU.Build.0 = Debug|Any CPU
		{5FF05B74-353E-4276-95C2-319BBF68A72F}.Release|Any CPU.ActiveCfg = Release|Any CPU
		{5FF05B74-353E-4276-95C2-319BBF68A72F}.Release|Any CPU.Build.0 = Release|Any CPU
		{60AB9905-EC5B-478E-A9C3-256A92C55EC4}.Debug|Any CPU.ActiveCfg = Debug|Any CPU
		{60AB9905-EC5B-478E-A9C3-256A92C55EC4}.Debug|Any CPU.Build.0 = Debug|Any CPU
		{60AB9905-EC5B-478E-A9C3-256A92C55EC4}.Release|Any CPU.ActiveCfg = Release|Any CPU
		{60AB9905-EC5B-478E-A9C3-256A92C55EC4}.Release|Any CPU.Build.0 = Release|Any CPU
		{41625D9B-480F-4574-B04B-241926D6721C}.Debug|Any CPU.ActiveCfg = Debug|Any CPU
		{41625D9B-480F-4574-B04B-241926D6721C}.Debug|Any CPU.Build.0 = Debug|Any CPU
		{41625D9B-480F-4574-B04B-241926D6721C}.Release|Any CPU.ActiveCfg = Release|Any CPU
		{41625D9B-480F-4574-B04B-241926D6721C}.Release|Any CPU.Build.0 = Release|Any CPU
		{B97A2C66-C7A8-4D20-8C54-123EBA283EC9}.Debug|Any CPU.ActiveCfg = Debug|Any CPU
		{B97A2C66-C7A8-4D20-8C54-123EBA283EC9}.Debug|Any CPU.Build.0 = Debug|Any CPU
		{B97A2C66-C7A8-4D20-8C54-123EBA283EC9}.Release|Any CPU.ActiveCfg = Release|Any CPU
		{B97A2C66-C7A8-4D20-8C54-123EBA283EC9}.Release|Any CPU.Build.0 = Release|Any CPU
	EndGlobalSection
	GlobalSection(SolutionProperties) = preSolution
		HideSolutionNode = FALSE
	EndGlobalSection
	GlobalSection(NestedProjects) = preSolution
		{882640A6-E3EA-4F42-9A8E-7FDA54B388A3} = {B2B8B4F9-C280-42B2-9F32-9EBFE2D28B4D}
		{FE0D3E11-CB0A-48B3-AA76-24D1CF249BF8} = {B2B8B4F9-C280-42B2-9F32-9EBFE2D28B4D}
		{EABDED7E-4891-4B6E-B2B5-FC49B6122187} = {FE0D3E11-CB0A-48B3-AA76-24D1CF249BF8}
		{60A71106-7BB0-47D8-8C34-B73CB2C12248} = {EABDED7E-4891-4B6E-B2B5-FC49B6122187}
		{CB3BE983-63C1-428F-B43D-026C816C84D1} = {EABDED7E-4891-4B6E-B2B5-FC49B6122187}
		{7658D59A-D670-4883-B8C3-AE63C8FF48DF} = {B2B8B4F9-C280-42B2-9F32-9EBFE2D28B4D}
		{221A93B2-9743-41D1-9C1C-9F7E9459B1BC} = {7658D59A-D670-4883-B8C3-AE63C8FF48DF}
		{AAE9D6EB-6672-41BE-A6D9-595DE001AFE9} = {221A93B2-9743-41D1-9C1C-9F7E9459B1BC}
		{AC23891A-81A2-46DA-BED1-B43A2DAD0BB4} = {221A93B2-9743-41D1-9C1C-9F7E9459B1BC}
		{2F393BDF-428A-49A4-9649-4F6EB7318566} = {B2B8B4F9-C280-42B2-9F32-9EBFE2D28B4D}
		{F79A7598-EF39-487B-BBB3-332BDB8EC96A} = {2F393BDF-428A-49A4-9649-4F6EB7318566}
		{A3330C91-6B1A-4EF4-8964-DDA9CFB29499} = {F79A7598-EF39-487B-BBB3-332BDB8EC96A}
		{F55FF6F3-AFBB-4054-AC49-4F27A09762F0} = {F79A7598-EF39-487B-BBB3-332BDB8EC96A}
		{BFE08D92-CB6A-42A9-ADF1-00F6CC8CBAC3} = {F79A7598-EF39-487B-BBB3-332BDB8EC96A}
		{884EA355-9F4B-485E-AB77-7395277598B4} = {01929F47-5394-4446-9DBF-CCEDADC067AB}
		{9D410AB1-7533-47B1-8A95-3FB309165B84} = {884EA355-9F4B-485E-AB77-7395277598B4}
		{2D008232-621A-4F77-9460-CFE96774EA3D} = {9D410AB1-7533-47B1-8A95-3FB309165B84}
		{C57E4BDB-EC53-4C5F-BD02-5F01B3E8C7FE} = {60A71106-7BB0-47D8-8C34-B73CB2C12248}
		{4E73FBDA-2A9C-496F-93CD-16B8D72AF4FB} = {60A71106-7BB0-47D8-8C34-B73CB2C12248}
		{1A23F81A-F423-4E8B-948E-75DBADCCD254} = {CB3BE983-63C1-428F-B43D-026C816C84D1}
		{5F3504F3-6C3A-4637-8D93-EDDFEFE6CA80} = {CB3BE983-63C1-428F-B43D-026C816C84D1}
		{C27198D1-7956-4FE3-BB3F-1282CFA80A72} = {AC23891A-81A2-46DA-BED1-B43A2DAD0BB4}
		{C3585EE8-9275-41C7-A931-D7691A9E3C67} = {AC23891A-81A2-46DA-BED1-B43A2DAD0BB4}
		{93372D57-0FD7-49A3-9DF5-F9900302D168} = {AAE9D6EB-6672-41BE-A6D9-595DE001AFE9}
		{1339F376-90AF-494C-B68C-06A9C655F1B0} = {AAE9D6EB-6672-41BE-A6D9-595DE001AFE9}
		{BD88E888-9B85-4C14-95A3-C1D87E85A7BD} = {60A71106-7BB0-47D8-8C34-B73CB2C12248}
		{9C629B10-7CC2-4320-B3CE-326E59D52EE8} = {CB3BE983-63C1-428F-B43D-026C816C84D1}
		{0DBA6885-74CF-4F2D-BC43-A371FD549F7A} = {AAE9D6EB-6672-41BE-A6D9-595DE001AFE9}
		{2D73DF0E-40DC-45AD-A106-1B54F50B81D9} = {AC23891A-81A2-46DA-BED1-B43A2DAD0BB4}
		{1FBCD28D-7038-4F8F-89E2-F9CDD2AA7B49} = {F79A7598-EF39-487B-BBB3-332BDB8EC96A}
		{BBF3737C-BD21-4E1A-8482-6B352A87E044} = {A3330C91-6B1A-4EF4-8964-DDA9CFB29499}
		{275070E7-3177-42C7-885E-A6293436B0C6} = {A3330C91-6B1A-4EF4-8964-DDA9CFB29499}
		{F660C5C8-C0C3-4DF0-B5C8-F92C4B869412} = {882640A6-E3EA-4F42-9A8E-7FDA54B388A3}
		{D6748CE3-91B1-4BE2-BC29-B4D4A6871F2E} = {C57E4BDB-EC53-4C5F-BD02-5F01B3E8C7FE}
		{F3128442-76B3-4108-B656-1AC2C3CB4C80} = {4E73FBDA-2A9C-496F-93CD-16B8D72AF4FB}
		{721D1319-895C-4942-8F4C-E699489B3B99} = {1A23F81A-F423-4E8B-948E-75DBADCCD254}
		{F4D1A4A2-009D-43CA-A954-29D69F6715B6} = {5F3504F3-6C3A-4637-8D93-EDDFEFE6CA80}
		{077A7268-CBEA-4BA0-9604-480BFCF47C8E} = {9C629B10-7CC2-4320-B3CE-326E59D52EE8}
		{177E0D61-275E-441B-8DB2-D21349773D4F} = {93372D57-0FD7-49A3-9DF5-F9900302D168}
		{BF5B35F2-BE14-4C6F-9171-B7C393761CE0} = {1339F376-90AF-494C-B68C-06A9C655F1B0}
		{DBAE141D-8515-429A-882D-F3E4DCB2833E} = {C27198D1-7956-4FE3-BB3F-1282CFA80A72}
		{D7339893-5F04-4F68-8310-46DA3A2EDEEC} = {C3585EE8-9275-41C7-A931-D7691A9E3C67}
		{AF8A9F3F-7EC5-4B64-ABA2-05BEFABF0AB1} = {2D73DF0E-40DC-45AD-A106-1B54F50B81D9}
		{0F71FC46-6EBA-41A2-942D-D540DE506920} = {0DBA6885-74CF-4F2D-BC43-A371FD549F7A}
		{5FF05B74-353E-4276-95C2-319BBF68A72F} = {BFE08D92-CB6A-42A9-ADF1-00F6CC8CBAC3}
		{60AB9905-EC5B-478E-A9C3-256A92C55EC4} = {BBF3737C-BD21-4E1A-8482-6B352A87E044}
		{41625D9B-480F-4574-B04B-241926D6721C} = {275070E7-3177-42C7-885E-A6293436B0C6}
		{B97A2C66-C7A8-4D20-8C54-123EBA283EC9} = {1FBCD28D-7038-4F8F-89E2-F9CDD2AA7B49}
	EndGlobalSection
	GlobalSection(ExtensibilityGlobals) = postSolution
		SolutionGuid = {7861A918-E91E-4098-8B6B-BE94B28E6023}
	EndGlobalSection
EndGlobal
